PODS:
  - Capacitor (1.0.0-beta.3):
    - CapacitorCordova (= 1.0.0-beta.3)
    - GCDWebServer (~> 3.0)
  - CapacitorCordova (1.0.0-beta.3)
  - CapacitorZip (0.0.2):
    - Capacitor
    - SSZipArchive
  - CordovaPlugins (1.0.0-beta.4):
    - CapacitorCordova
  - GCDWebServer (3.4.2):
    - GCDWebServer/Core (= 3.4.2)
  - GCDWebServer/Core (3.4.2)
  - SSZipArchive (2.1.3)

DEPENDENCIES:
  - "Capacitor (from `../../node_modules/@capacitor/ios`)"
  - "CapacitorCordova (from `../../node_modules/@capacitor/ios`)"
  - CapacitorZip (from `/Users/triniwiz/Documents/oss/capacitor-zip/demo/node_modules/capacitor-zip`)
  - "CordovaPlugins (from `../../node_modules/@capacitor/cli/assets/capacitor-cordova-ios-plugins`)"

SPEC REPOS:
  https://github.com/cocoapods/specs.git:
    - GCDWebServer
    - SSZipArchive

EXTERNAL SOURCES:
  Capacitor:
    :path: "../../node_modules/@capacitor/ios"
  CapacitorCordova:
    :path: "../../node_modules/@capacitor/ios"
  CapacitorZip:
    :path: "/Users/triniwiz/Documents/oss/capacitor-zip/demo/node_modules/capacitor-zip"
  CordovaPlugins:
    :path: "../../node_modules/@capacitor/cli/assets/capacitor-cordova-ios-plugins"

SPEC CHECKSUMS:
  Capacitor: e20bcc85be1e915cc04093fef31138f455d2f6c3
  CapacitorCordova: e5fc7514a285db4dcaabd49285fe400a988871a1
  CapacitorZip: 92736c32752fab42ade5d60c30faae13dd2067f4
  CordovaPlugins: 89aea82ebf39f9a0e9a86d01d80afa2420186dd1
  GCDWebServer: 8d67ee9f634b4bb91eb4b8aee440318a5fc6debd
  SSZipArchive: 51a800ebb77f95a8329b6ced1faaff394b47f509

PODFILE CHECKSUM: a9bfe73af27267e4d97cb20468b694c1a70ca3eb

COCOAPODS: 1.5.3
